
Microsoft Visual Studio Solution File, Format Version 12.00
# Visual Studio Version 16
VisualStudioVersion = 16.0.31729.503
MinimumVisualStudioVersion = 10.0.40219.1
Project("{FAE04EC0-301F-11D3-BF4B-00C04F79EFBC}") = "LambdaExpresionPractice", "LambdaExpresionPractice\LambdaExpresionPractice.csproj", "{519BA21F-11E4-45D8-8E23-5168A6AB752C}"
EndProject
Global
	GlobalSection(SolutionConfigurationPlatforms) = preSolution
		Debug|Any CPU = Debug|Any CPU
		Release|Any CPU = Release|Any CPU
	EndGlobalSection
	GlobalSection(ProjectConfigurationPlatforms) = postSolution
		{519BA21F-11E4-45D8-8E23-5168A6AB752C}.Debug|Any CPU.ActiveCfg = Debug|Any CPU
		{519BA21F-11E4-45D8-8E23-5168A6AB752C}.Debug|Any CPU.Build.0 = Debug|Any CPU
		{519BA21F-11E4-45D8-8E23-5168A6AB752C}.Release|Any CPU.ActiveCfg = Release|Any CPU
		{519BA21F-11E4-45D8-8E23-5168A6AB752C}.Release|Any CPU.Build.0 = Release|Any CPU
	EndGlobalSection
	GlobalSection(SolutionProperties) = preSolution
		HideSolutionNode = FALSE
	EndGlobalSection
	GlobalSection(ExtensibilityGlobals) = postSolution
		SolutionGuid = {10DF9326-60E1-478E-A6B2-67DEBBBF20E0}
	EndGlobalSection
EndGlobal
